#
# This file is autogenerated by pip-compile with Python 3.12
# by the following command:
#
#    pip-tools==7.5.1 on linux/amd64 Python 3.12: pip-compile --generate-hashes --allow-unsafe --strip-extras requirements.txt --output-file requirements.lock
#
argcomplete==3.7.2 \
    --hash=sha256:6029205678bdd9c1c728a155f5f9ecf5812393f969eef58807641a2bc2aa5b19 \
    --hash=sha256:aad8b69a0b9969edb62db0d1752354c0d50717b10e0cbb00e2a958381b9fc6b9
    # via -r requirements.txt
colorama==0.4.6 \
    --hash=sha256:08695f5cb7ed6e0531a20572697297273c47b8cae5a63ffc6d6ed5c201be6e44 \
    --hash=sha256:4f1d9991f5acc0ca119f9d443620b77f9d6b33703e51011c16baf57afb285fc6
    # via -r requirements.txt

# The following packages are considered to be unsafe in a requirements file:
pip==24.0 \
    --hash=sha256:ba0d021a166865d2265246961bec0152ff124de910c5cc39f1156ce3fa7c69dc \
    --hash=sha256:ea9bd1a847e8c5774a5777bb398c19e80bcd4e2aa16a4b301b718fe6f593aba2
    # via -r requirements.txt
